
Microsoft Visual Studio Solution File, Format Version 12.00
# Visual Studio Version 16
VisualStudioVersion = 16.0.33529.622
MinimumVisualStudioVersion = 10.0.40219.1
Project("{FAE04EC0-301F-11D3-BF4B-00C04F79EFBC}") = "TMS", "TMS\TMS.csproj", "{74BA66CA-95C0-4F29-A0D1-741201980AB0}"
EndProject
Global
	GlobalSection(SolutionConfigurationPlatforms) = preSolution
		Debug|Any CPU = Debug|Any CPU
		Release|Any CPU = Release|Any CPU
	EndGlobalSection
	GlobalSection(ProjectConfigurationPlatforms) = postSolution
		{74BA66CA-95C0-4F29-A0D1-741201980AB0}.Debug|Any CPU.ActiveCfg = Debug|Any CPU
		{74BA66CA-95C0-4F29-A0D1-741201980AB0}.Debug|Any CPU.Build.0 = Debug|Any CPU
		{74BA66CA-95C0-4F29-A0D1-741201980AB0}.Release|Any CPU.ActiveCfg = Release|Any CPU
		{74BA66CA-95C0-4F29-A0D1-741201980AB0}.Release|Any CPU.Build.0 = Release|Any CPU
	EndGlobalSection
	GlobalSection(SolutionProperties) = preSolution
		HideSolutionNode = FALSE
	EndGlobalSection
	GlobalSection(ExtensibilityGlobals) = postSolution
		SolutionGuid = {D0382721-DA90-49AD-A063-037FCC45FAF8}
	EndGlobalSection
EndGlobal
